
Microsoft Visual Studio Solution File, Format Version 12.00
# Visual Studio Version 16
VisualStudioVersion = 16.0.32228.343
MinimumVisualStudioVersion = 10.0.40219.1
Project("{FAE04EC0-301F-11D3-BF4B-00C04F79EFBC}") = "Event", "Event\Event.csproj", "{0921C5FC-7B50-47B8-BE87-78412C699DF8}"
EndProject
Global
	GlobalSection(SolutionConfigurationPlatforms) = preSolution
		Debug|Any CPU = Debug|Any CPU
		Release|Any CPU = Release|Any CPU
	EndGlobalSection
	GlobalSection(ProjectConfigurationPlatforms) = postSolution
		{0921C5FC-7B50-47B8-BE87-78412C699DF8}.Debug|Any CPU.ActiveCfg = Debug|Any CPU
		{0921C5FC-7B50-47B8-BE87-78412C699DF8}.Debug|Any CPU.Build.0 = Debug|Any CPU
		{0921C5FC-7B50-47B8-BE87-78412C699DF8}.Release|Any CPU.ActiveCfg = Release|Any CPU
		{0921C5FC-7B50-47B8-BE87-78412C699DF8}.Release|Any CPU.Build.0 = Release|Any CPU
	EndGlobalSection
	GlobalSection(SolutionProperties) = preSolution
		HideSolutionNode = FALSE
	EndGlobalSection
	GlobalSection(ExtensibilityGlobals) = postSolution
		SolutionGuid = {737F8572-FEDC-4D0A-A5BB-4D130D56D8EA}
	EndGlobalSection
EndGlobal
